{
  "nodes": {
    "darwin": {
      "inputs": {
        "nixpkgs": [
          "nixpkgs"
        ]
      },
      "locked": {
        "lastModified": 1664210064,
        "narHash": "sha256-df6nKVZe/yAhmJ9csirTPahc0dldwm3HBhCVNA6qWr0=",
        "owner": "lnl7",
        "repo": "nix-darwin",
        "rev": "02d2551c927b7d65ded1b3c7cd13da5cc7ae3fcf",
        "type": "github"
      },
      "original": {
        "owner": "lnl7",
        "repo": "nix-darwin",
        "type": "github"
      }
    },
    "home-manager": {
      "inputs": {
        "nixpkgs": [
          "nixpkgs"
        ],
        "utils": "utils"
      },
      "locked": {
        "lastModified": 1664286632,
        "narHash": "sha256-fKENvLanhmBENlIbmDAVB8SKSbwdLLBYKu6B7oJ0rLc=",
        "owner": "nix-community",
        "repo": "home-manager",
        "rev": "6dc8a43f397c92afbc3f771385ac803d96d5eeb5",
        "type": "github"
      },
      "original": {
        "owner": "nix-community",
        "repo": "home-manager",
        "type": "github"
      }
    },
    "nixpkgs": {
      "locked": {
        "lastModified": 1664356419,
        "narHash": "sha256-PD0hM9YWp2lepAJk7edh8g1VtzJip5rals1fpoQUlY0=",
        "owner": "nixos",
        "repo": "nixpkgs",
        "rev": "46e8398474ac3b1b7bb198bf9097fc213bbf59b1",
        "type": "github"
      },
      "original": {
        "owner": "nixos",
        "ref": "nixpkgs-unstable",
        "repo": "nixpkgs",
        "type": "github"
      }
    },
    "root": {
      "inputs": {
        "darwin": "darwin",
        "home-manager": "home-manager",
        "nixpkgs": "nixpkgs"
      }
    },
    "utils": {
      "locked": {
        "lastModified": 1659877975,
        "narHash": "sha256-zllb8aq3YO3h8B/U0/J1WBgAL8EX5yWf5pMj3G0NAmc=",
        "owner": "numtide",
        "repo": "flake-utils",
        "rev": "c0e246b9b83f637f4681389ecabcb2681b4f3af0",
        "type": "github"
      },
      "original": {
        "owner": "numtide",
        "repo": "flake-utils",
        "type": "github"
      }
    }
  },
  "root": "root",
  "version": 7
}
